Microsoft Visual Studio Solution File, Format Version 12.00
# Visual Studio Version 17
VisualStudioVersion = 17.5.2.0
MinimumVisualStudioVersion = 10.0.40219.1
Project("{FAE04EC0-301F-11D3-BF4B-00C04F79EFBC}") = "TerrariaClone", "TerrariaClone.csproj", "{563AD697-5EC1-4DE4-6B84-2DCEB0D68FAC}"
EndProject
Global
	GlobalSection(SolutionConfigurationPlatforms) = preSolution
		Debug|Any CPU = Debug|Any CPU
		Release|Any CPU = Release|Any CPU
	EndGlobalSection
	GlobalSection(ProjectConfigurationPlatforms) = postSolution
		{563AD697-5EC1-4DE4-6B84-2DCEB0D68FAC}.Debug|Any CPU.ActiveCfg = Debug|Any CPU
		{563AD697-5EC1-4DE4-6B84-2DCEB0D68FAC}.Debug|Any CPU.Build.0 = Debug|Any CPU
		{563AD697-5EC1-4DE4-6B84-2DCEB0D68FAC}.Release|Any CPU.ActiveCfg = Release|Any CPU
		{563AD697-5EC1-4DE4-6B84-2DCEB0D68FAC}.Release|Any CPU.Build.0 = Release|Any CPU
	EndGlobalSection
	GlobalSection(SolutionProperties) = preSolution
		HideSolutionNode = FALSE
	EndGlobalSection
	GlobalSection(ExtensibilityGlobals) = postSolution
		SolutionGuid = {8691725C-F5CB-4DB5-A49D-46BA24116C60}
	EndGlobalSection
EndGlobal
